
Microsoft Visual Studio Solution File, Format Version 12.00
# Visual Studio Version 16
VisualStudioVersion = 16.0.29418.71
MinimumVisualStudioVersion = 10.0.40219.1
Project("{9A19103F-16F7-4668-BE54-9A1E7A4F7556}") = "TaiChi.Framework.CoreConsole", "TaiChi.Framework.CoreConsole\TaiChi.Framework.CoreConsole.csproj", "{4E099AF8-6A48-4107-841E-E942AB829444}"
EndProject
Project("{9A19103F-16F7-4668-BE54-9A1E7A4F7556}") = "TaiChi.Core.Mvc", "TaiChi.Core.Mvc\TaiChi.Core.Mvc.csproj", "{3AA2055D-3149-4312-9402-C0CA3F10A362}"
EndProject
Project("{FAE04EC0-301F-11D3-BF4B-00C04F79EFBC}") = "TaiChi.Core.Interface", "TaiChi.Core.Interface\TaiChi.Core.Interface.csproj", "{73DE3E9A-6743-4E8B-B52B-CE3E665DDF8F}"
EndProject
Project("{FAE04EC0-301F-11D3-BF4B-00C04F79EFBC}") = "TaiChi.Core.Service", "TaiChi.Core.Service\TaiChi.Core.Service.csproj", "{D167292B-885E-4CAC-AD09-43517C0EACD3}"
EndProject
Project("{FAE04EC0-301F-11D3-BF4B-00C04F79EFBC}") = "TaiChi.Core.Utility", "TaiChi.Core.Utility\TaiChi.Core.Utility.csproj", "{AB4AD9B2-A8A9-41A8-8E03-45F11DA1A404}"
EndProject
Global
	GlobalSection(SolutionConfigurationPlatforms) = preSolution
		Debug|Any CPU = Debug|Any CPU
		Release|Any CPU = Release|Any CPU
	EndGlobalSection
	GlobalSection(ProjectConfigurationPlatforms) = postSolution
		{4E099AF8-6A48-4107-841E-E942AB829444}.Debug|Any CPU.ActiveCfg = Debug|Any CPU
		{4E099AF8-6A48-4107-841E-E942AB829444}.Debug|Any CPU.Build.0 = Debug|Any CPU
		{4E099AF8-6A48-4107-841E-E942AB829444}.Release|Any CPU.ActiveCfg = Release|Any CPU
		{4E099AF8-6A48-4107-841E-E942AB829444}.Release|Any CPU.Build.0 = Release|Any CPU
		{3AA2055D-3149-4312-9402-C0CA3F10A362}.Debug|Any CPU.ActiveCfg = Debug|Any CPU
		{3AA2055D-3149-4312-9402-C0CA3F10A362}.Debug|Any CPU.Build.0 = Debug|Any CPU
		{3AA2055D-3149-4312-9402-C0CA3F10A362}.Release|Any CPU.ActiveCfg = Release|Any CPU
		{3AA2055D-3149-4312-9402-C0CA3F10A362}.Release|Any CPU.Build.0 = Release|Any CPU
		{73DE3E9A-6743-4E8B-B52B-CE3E665DDF8F}.Debug|Any CPU.ActiveCfg = Debug|Any CPU
		{73DE3E9A-6743-4E8B-B52B-CE3E665DDF8F}.Debug|Any CPU.Build.0 = Debug|Any CPU
		{73DE3E9A-6743-4E8B-B52B-CE3E665DDF8F}.Release|Any CPU.ActiveCfg = Release|Any CPU
		{73DE3E9A-6743-4E8B-B52B-CE3E665DDF8F}.Release|Any CPU.Build.0 = Release|Any CPU
		{D167292B-885E-4CAC-AD09-43517C0EACD3}.Debug|Any CPU.ActiveCfg = Debug|Any CPU
		{D167292B-885E-4CAC-AD09-43517C0EACD3}.Debug|Any CPU.Build.0 = Debug|Any CPU
		{D167292B-885E-4CAC-AD09-43517C0EACD3}.Release|Any CPU.ActiveCfg = Release|Any CPU
		{D167292B-885E-4CAC-AD09-43517C0EACD3}.Release|Any CPU.Build.0 = Release|Any CPU
		{AB4AD9B2-A8A9-41A8-8E03-45F11DA1A404}.Debug|Any CPU.ActiveCfg = Debug|Any CPU
		{AB4AD9B2-A8A9-41A8-8E03-45F11DA1A404}.Debug|Any CPU.Build.0 = Debug|Any CPU
		{AB4AD9B2-A8A9-41A8-8E03-45F11DA1A404}.Release|Any CPU.ActiveCfg = Release|Any CPU
		{AB4AD9B2-A8A9-41A8-8E03-45F11DA1A404}.Release|Any CPU.Build.0 = Release|Any CPU
	EndGlobalSection
	GlobalSection(SolutionProperties) = preSolution
		HideSolutionNode = FALSE
	EndGlobalSection
	GlobalSection(ExtensibilityGlobals) = postSolution
		SolutionGuid = {E587387B-2577-4043-9D85-C861032F5758}
	EndGlobalSection
EndGlobal
